{
  "name": "Vibestream",
  "lockfileVersion": 3,
  "requires": true,
  "packages": {
    "": {
      "dependencies": {
        "@openzeppelin/contracts": "^5.4.0"
      },
      "devDependencies": {
        "@types/react-navigation": "^3.0.8"
      }
    },
    "node_modules/@openzeppelin/contracts": {
      "version": "5.4.0",
      "resolved": "https://registry.npmjs.org/@openzeppelin/contracts/-/contracts-5.4.0.tgz",
      "integrity": "sha512-eCYgWnLg6WO+X52I16TZt8uEjbtdkgLC0SUX/xnAksjjrQI4Xfn4iBRoI5j55dmlOhDv1Y7BoR3cU7e3WWhC6A==",
      "license": "MIT"
    },
    "node_modules/@types/react": {
      "version": "19.1.8",
      "resolved": "https://registry.npmjs.org/@types/react/-/react-19.1.8.tgz",
      "integrity": "sha512-AwAfQ2Wa5bCx9WP8nZL2uMZWod7J7/JSplxbTmBQ5ms6QpqNYm672H0Vu9ZVKVngQ+ii4R/byguVEUZQyeg44g==",
      "dev": true,
      "license": "MIT",
      "dependencies": {
        "csstype": "^3.0.2"
      }
    },
    "node_modules/@types/react-native": {
      "version": "0.72.8",
      "resolved": "https://registry.npmjs.org/@types/react-native/-/react-native-0.72.8.tgz",
      "integrity": "sha512-St6xA7+EoHN5mEYfdWnfYt0e8u6k2FR0P9s2arYgakQGFgU1f9FlPrIEcj0X24pLCF5c5i3WVuLCUdiCYHmOoA==",
      "dev": true,
      "license": "MIT",
      "dependencies": {
        "@react-native/virtualized-lists": "^0.72.4",
        "@types/react": "*"
      }
    },
    "node_modules/@types/react-native/node_modules/@react-native/virtualized-lists": {
      "version": "0.72.8",
      "resolved": "https://registry.npmjs.org/@react-native/virtualized-lists/-/virtualized-lists-0.72.8.tgz",
      "integrity": "sha512-J3Q4Bkuo99k7mu+jPS9gSUSgq+lLRSI/+ahXNwV92XgJ/8UgOTxu2LPwhJnBk/sQKxq7E8WkZBnBiozukQMqrw==",
      "dev": true,
      "license": "MIT",
      "dependencies": {
        "invariant": "^2.2.4",
        "nullthrows": "^1.1.1"
      },
      "peerDependencies": {
        "react-native": "*"
      }
    },
    "node_modules/@types/react-navigation": {
      "version": "3.0.8",
      "resolved": "https://registry.npmjs.org/@types/react-navigation/-/react-navigation-3.0.8.tgz",
      "integrity": "sha512-r8UQvBmOz7XjPE8AHTHh0SThGqModhQtSsntkmob7rczhueJIqDwBOgsEn54SJa25XzD/KBlelAWeVZ7+Ggm8A==",
      "dev": true,
      "license": "MIT",
      "dependencies": {
        "@types/react": "*",
        "@types/react-native": "*"
      }
    },
    "node_modules/csstype": {
      "version": "3.1.3",
      "resolved": "https://registry.npmjs.org/csstype/-/csstype-3.1.3.tgz",
      "integrity": "sha512-M1uQkMl8rQK/szD0LNhtqxIPLpimGm8sOBwU7lLnCpSbTyY3yeU1Vc7l4KT5zT4s/yOxHH5O7tIuuLOCnLADRw==",
      "dev": true,
      "license": "MIT"
    },
    "node_modules/invariant": {
      "version": "2.2.4",
      "dev": true,
      "license": "MIT",
      "dependencies": {
        "loose-envify": "^1.0.0"
      }
    },
    "node_modules/js-tokens": {
      "version": "4.0.0",
      "dev": true,
      "license": "MIT"
    },
    "node_modules/loose-envify": {
      "version": "1.4.0",
      "dev": true,
      "license": "MIT",
      "dependencies": {
        "js-tokens": "^3.0.0 || ^4.0.0"
      },
      "bin": {
        "loose-envify": "cli.js"
      }
    },
    "node_modules/nullthrows": {
      "version": "1.1.1",
      "dev": true,
      "license": "MIT"
    }
  }
}
